
Microsoft Visual Studio Solution File, Format Version 12.00
# Visual Studio Version 17
VisualStudioVersion = 17.5.33502.453
MinimumVisualStudioVersion = 10.0.40219.1
Project("{FAE04EC0-301F-11D3-BF4B-00C04F79EFBC}") = "pr419", "pr419\pr419.csproj", "{675B15CC-D4C3-4C96-AF8C-1A6776B4093B}"
EndProject
Global
	GlobalSection(SolutionConfigurationPlatforms) = preSolution
		Debug|Any CPU = Debug|Any CPU
		Release|Any CPU = Release|Any CPU
	EndGlobalSection
	GlobalSection(ProjectConfigurationPlatforms) = postSolution
		{675B15CC-D4C3-4C96-AF8C-1A6776B4093B}.Debug|Any CPU.ActiveCfg = Debug|Any CPU
		{675B15CC-D4C3-4C96-AF8C-1A6776B4093B}.Debug|Any CPU.Build.0 = Debug|Any CPU
		{675B15CC-D4C3-4C96-AF8C-1A6776B4093B}.Release|Any CPU.ActiveCfg = Release|Any CPU
		{675B15CC-D4C3-4C96-AF8C-1A6776B4093B}.Release|Any CPU.Build.0 = Release|Any CPU
	EndGlobalSection
	GlobalSection(SolutionProperties) = preSolution
		HideSolutionNode = FALSE
	EndGlobalSection
	GlobalSection(ExtensibilityGlobals) = postSolution
		SolutionGuid = {5AC3172D-AC74-4D3E-A9B6-DDFDFC8D5D6A}
	EndGlobalSection
EndGlobal
